// !$*UTF8*$!
{
	archiveVersion = 1;
	classes = {
	};
	objectVersion = 77;
	objects = {

/* Begin PBXBuildFile section */
		FC3C35B32D2A000700590FD1 /* WatchConnectivity.framework in Frameworks */ = {isa = PBXBuildFile; fileRef = FC3C35B22D2A000700590FD1 /* WatchConnectivity.framework */; };
		FC4999F72D29866D00C16784 /* ellipticaBikeWatchOS Watch App.app in Embed Watch Content */ = {isa = PBXBuildFile; fileRef = FC4999EA2D29866B00C16784 /* ellipticaBikeWatchOS Watch App.app */; settings = {ATTRIBUTES = (RemoveHeadersOnCopy, ); }; };
		FC9806522D29C90400130D41 /* WatchConnectivity.framework in Frameworks */ = {isa = PBXBuildFile; fileRef = FC9806512D29C90400130D41 /* WatchConnectivity.framework */; };
/* End PBXBuildFile section */

/* Begin PBXContainerItemProxy section */
		FC4999F52D29866D00C16784 /* PBXContainerItemProxy */ = {
			isa = PBXContainerItemProxy;
			containerPortal = FCAA83B32D23647E00739DC2 /* Project object */;
			proxyType = 1;
			remoteGlobalIDString = FC4999E92D29866B00C16784;
			remoteInfo = "ellipticaBikeWatchOS Watch App";
		};
		FCAA83CD2D23648100739DC2 /* PBXContainerItemProxy */ = {
			isa = PBXContainerItemProxy;
			containerPortal = FCAA83B32D23647E00739DC2 /* Project object */;
			proxyType = 1;
			remoteGlobalIDString = FCAA83BA2D23647E00739DC2;
			remoteInfo = ellipticalBike;
		};
		FCAA83D72D23648100739DC2 /* PBXContainerItemProxy */ = {
			isa = PBXContainerItemProxy;
			containerPortal = FCAA83B32D23647E00739DC2 /* Project object */;
			proxyType = 1;
			remoteGlobalIDString = FCAA83BA2D23647E00739DC2;
			remoteInfo = ellipticalBike;
		};
/* End PBXContainerItemProxy section */

/* Begin PBXCopyFilesBuildPhase section */
		FC4999FB2D29866D00C16784 /* Embed Watch Content */ = {
			isa = PBXCopyFilesBuildPhase;
			buildActionMask = 2147483647;
			dstPath = "$(CONTENTS_FOLDER_PATH)/Watch";
			dstSubfolderSpec = 16;
			files = (
				FC4999F72D29866D00C16784 /* ellipticaBikeWatchOS Watch App.app in Embed Watch Content */,
			);
			name = "Embed Watch Content";
			runOnlyForDeploymentPostprocessing = 0;
		};
/* End PBXCopyFilesBuildPhase section */

/* Begin PBXFileReference section */
		FC3C35B22D2A000700590FD1 /* WatchConnectivity.framework */ = {isa = PBXFileReference; lastKnownFileType = wrapper.framework; name = WatchConnectivity.framework; path = Platforms/WatchOS.platform/Developer/SDKs/WatchOS11.2.sdk/System/Library/Frameworks/WatchConnectivity.framework; sourceTree = DEVELOPER_DIR; };
		FC4999EA2D29866B00C16784 /* ellipticaBikeWatchOS Watch App.app */ = {isa = PBXFileReference; explicitFileType = wrapper.application; includeInIndex = 0; path = "ellipticaBikeWatchOS Watch App.app"; sourceTree = BUILT_PRODUCTS_DIR; };
		FC9806512D29C90400130D41 /* WatchConnectivity.framework */ = {isa = PBXFileReference; lastKnownFileType = wrapper.framework; name = WatchConnectivity.framework; path = System/Library/Frameworks/WatchConnectivity.framework; sourceTree = SDKROOT; };
		FCAA83BB2D23647E00739DC2 /* ellipticalBike.app */ = {isa = PBXFileReference; explicitFileType = wrapper.application; includeInIndex = 0; path = ellipticalBike.app; sourceTree = BUILT_PRODUCTS_DIR; };
		FCAA83CC2D23648100739DC2 /* ellipticalBikeTests.xctest */ = {isa = PBXFileReference; explicitFileType = wrapper.cfbundle; includeInIndex = 0; path = ellipticalBikeTests.xctest; sourceTree = BUILT_PRODUCTS_DIR; };
		FCAA83D62D23648100739DC2 /* ellipticalBikeUITests.xctest */ = {isa = PBXFileReference; explicitFileType = wrapper.cfbundle; includeInIndex = 0; path = ellipticalBikeUITests.xctest; sourceTree = BUILT_PRODUCTS_DIR; };
/* End PBXFileReference section */

/* Begin PBXFileSystemSynchronizedRootGroup section */
		FC4999EB2D29866B00C16784 /* ellipticaBikeWatchOS Watch App */ = {
			isa = PBXFileSystemSynchronizedRootGroup;
			path = "ellipticaBikeWatchOS Watch App";
			sourceTree = "<group>";
		};
		FCAA83BD2D23647E00739DC2 /* ellipticalBike */ = {
			isa = PBXFileSystemSynchronizedRootGroup;
			path = ellipticalBike;
			sourceTree = "<group>";
		};
		FCAA83CF2D23648100739DC2 /* ellipticalBikeTests */ = {
			isa = PBXFileSystemSynchronizedRootGroup;
			path = ellipticalBikeTests;
			sourceTree = "<group>";
		};
		FCAA83D92D23648100739DC2 /* ellipticalBikeUITests */ = {
			isa = PBXFileSystemSynchronizedRootGroup;
			path = ellipticalBikeUITests;
			sourceTree = "<group>";
		};
/* End PBXFileSystemSynchronizedRootGroup section */

/* Begin PBXFrameworksBuildPhase section */
		FC4999E72D29866B00C16784 /* Frameworks */ = {
			isa = PBXFrameworksBuildPhase;
			buildActionMask = 2147483647;
			files = (
				FC3C35B32D2A000700590FD1 /* WatchConnectivity.framework in Frameworks */,
			);
			runOnlyForDeploymentPostprocessing = 0;
		};
		FCAA83B82D23647E00739DC2 /* Frameworks */ = {
			isa = PBXFrameworksBuildPhase;
			buildActionMask = 2147483647;
			files = (
				FC9806522D29C90400130D41 /* WatchConnectivity.framework in Frameworks */,
			);
			runOnlyForDeploymentPostprocessing = 0;
		};
		FCAA83C92D23648100739DC2 /* Frameworks */ = {
			isa = PBXFrameworksBuildPhase;
			buildActionMask = 2147483647;
			files = (
			);
			runOnlyForDeploymentPostprocessing = 0;
		};
		FCAA83D32D23648100739DC2 /* Frameworks */ = {
			isa = PBXFrameworksBuildPhase;
			buildActionMask = 2147483647;
			files = (
			);
			runOnlyForDeploymentPostprocessing = 0;
		};
/* End PBXFrameworksBuildPhase section */

/* Begin PBXGroup section */
		FC9806502D29C90400130D41 /* Frameworks */ = {
			isa = PBXGroup;
			children = (
				FC3C35B22D2A000700590FD1 /* WatchConnectivity.framework */,
				FC9806512D29C90400130D41 /* WatchConnectivity.framework */,
			);
			name = Frameworks;
			sourceTree = "<group>";
		};
		FCAA83B22D23647E00739DC2 = {
			isa = PBXGroup;
			children = (
				FCAA83BD2D23647E00739DC2 /* ellipticalBike */,
				FCAA83CF2D23648100739DC2 /* ellipticalBikeTests */,
				FCAA83D92D23648100739DC2 /* ellipticalBikeUITests */,
				FC4999EB2D29866B00C16784 /* ellipticaBikeWatchOS Watch App */,
				FC9806502D29C90400130D41 /* Frameworks */,
				FCAA83BC2D23647E00739DC2 /* Products */,
			);
			sourceTree = "<group>";
		};
		FCAA83BC2D23647E00739DC2 /* Products */ = {
			isa = PBXGroup;
			children = (
				FCAA83BB2D23647E00739DC2 /* ellipticalBike.app */,
				FCAA83CC2D23648100739DC2 /* ellipticalBikeTests.xctest */,
				FCAA83D62D23648100739DC2 /* ellipticalBikeUITests.xctest */,
				FC4999EA2D29866B00C16784 /* ellipticaBikeWatchOS Watch App.app */,
			);
			name = Products;
			sourceTree = "<group>";
		};
/* End PBXGroup section */

/* Begin PBXNativeTarget section */
		FC4999E92D29866B00C16784 /* ellipticaBikeWatchOS Watch App */ = {
			isa = PBXNativeTarget;
			buildConfigurationList = FC4999F82D29866D00C16784 /* Build configuration list for PBXNativeTarget "ellipticaBikeWatchOS Watch App" */;
			buildPhases = (
				FC4999E62D29866B00C16784 /* Sources */,
				FC4999E72D29866B00C16784 /* Frameworks */,
				FC4999E82D29866B00C16784 /* Resources */,
			);
			buildRules = (
			);
			dependencies = (
			);
			fileSystemSynchronizedGroups = (
				FC4999EB2D29866B00C16784 /* ellipticaBikeWatchOS Watch App */,
			);
			name = "ellipticaBikeWatchOS Watch App";
			packageProductDependencies = (
			);
			productName = "ellipticaBikeWatchOS Watch App";
			productReference = FC4999EA2D29866B00C16784 /* ellipticaBikeWatchOS Watch App.app */;
			productType = "com.apple.product-type.application";
		};
		FCAA83BA2D23647E00739DC2 /* ellipticalBike */ = {
			isa = PBXNativeTarget;
			buildConfigurationList = FCAA83E02D23648100739DC2 /* Build configuration list for PBXNativeTarget "ellipticalBike" */;
			buildPhases = (
				FCAA83B72D23647E00739DC2 /* Sources */,
				FCAA83B82D23647E00739DC2 /* Frameworks */,
				FCAA83B92D23647E00739DC2 /* Resources */,
				FC4999FB2D29866D00C16784 /* Embed Watch Content */,
			);
			buildRules = (
			);
			dependencies = (
				FC4999F62D29866D00C16784 /* PBXTargetDependency */,
			);
			fileSystemSynchronizedGroups = (
				FCAA83BD2D23647E00739DC2 /* ellipticalBike */,
			);
			name = ellipticalBike;
			packageProductDependencies = (
			);
			productName = ellipticalBike;
			productReference = FCAA83BB2D23647E00739DC2 /* ellipticalBike.app */;
			productType = "com.apple.product-type.application";
		};
		FCAA83CB2D23648100739DC2 /* ellipticalBikeTests */ = {
			isa = PBXNativeTarget;
			buildConfigurationList = FCAA83E32D23648100739DC2 /* Build configuration list for PBXNativeTarget "ellipticalBikeTests" */;
			buildPhases = (
				FCAA83C82D23648100739DC2 /* Sources */,
				FCAA83C92D23648100739DC2 /* Frameworks */,
				FCAA83CA2D23648100739DC2 /* Resources */,
			);
			buildRules = (
			);
			dependencies = (
				FCAA83CE2D23648100739DC2 /* PBXTargetDependency */,
			);
			fileSystemSynchronizedGroups = (
				FCAA83CF2D23648100739DC2 /* ellipticalBikeTests */,
			);
			name = ellipticalBikeTests;
			packageProductDependencies = (
			);
			productName = ellipticalBikeTests;
			productReference = FCAA83CC2D23648100739DC2 /* ellipticalBikeTests.xctest */;
			productType = "com.apple.product-type.bundle.unit-test";
		};
		FCAA83D52D23648100739DC2 /* ellipticalBikeUITests */ = {
			isa = PBXNativeTarget;
			buildConfigurationList = FCAA83E62D23648100739DC2 /* Build configuration list for PBXNativeTarget "ellipticalBikeUITests" */;
			buildPhases = (
				FCAA83D22D23648100739DC2 /* Sources */,
				FCAA83D32D23648100739DC2 /* Frameworks */,
				FCAA83D42D23648100739DC2 /* Resources */,
			);
			buildRules = (
			);
			dependencies = (
				FCAA83D82D23648100739DC2 /* PBXTargetDependency */,
			);
			fileSystemSynchronizedGroups = (
				FCAA83D92D23648100739DC2 /* ellipticalBikeUITests */,
			);
			name = ellipticalBikeUITests;
			packageProductDependencies = (
			);
			productName = ellipticalBikeUITests;
			productReference = FCAA83D62D23648100739DC2 /* ellipticalBikeUITests.xctest */;
			productType = "com.apple.product-type.bundle.ui-testing";
		};
/* End PBXNativeTarget section */

/* Begin PBXProject section */
		FCAA83B32D23647E00739DC2 /* Project object */ = {
			isa = PBXProject;
			attributes = {
				BuildIndependentTargetsInParallel = 1;
				LastSwiftUpdateCheck = 1620;
				LastUpgradeCheck = 1620;
				TargetAttributes = {
					FC4999E92D29866B00C16784 = {
						CreatedOnToolsVersion = 16.2;
					};
					FCAA83BA2D23647E00739DC2 = {
						CreatedOnToolsVersion = 16.2;
					};
					FCAA83CB2D23648100739DC2 = {
						CreatedOnToolsVersion = 16.2;
						TestTargetID = FCAA83BA2D23647E00739DC2;
					};
					FCAA83D52D23648100739DC2 = {
						CreatedOnToolsVersion = 16.2;
						TestTargetID = FCAA83BA2D23647E00739DC2;
					};
				};
			};
			buildConfigurationList = FCAA83B62D23647E00739DC2 /* Build configuration list for PBXProject "ellipticalBike" */;
			developmentRegion = en;
			hasScannedForEncodings = 0;
			knownRegions = (
				en,
				Base,
			);
			mainGroup = FCAA83B22D23647E00739DC2;
			minimizedProjectReferenceProxies = 1;
			preferredProjectObjectVersion = 77;
			productRefGroup = FCAA83BC2D23647E00739DC2 /* Products */;
			projectDirPath = "";
			projectRoot = "";
			targets = (
				FCAA83BA2D23647E00739DC2 /* ellipticalBike */,
				FCAA83CB2D23648100739DC2 /* ellipticalBikeTests */,
				FCAA83D52D23648100739DC2 /* ellipticalBikeUITests */,
				FC4999E92D29866B00C16784 /* ellipticaBikeWatchOS Watch App */,
			);
		};
/* End PBXProject section */

/* Begin PBXResourcesBuildPhase section */
		FC4999E82D29866B00C16784 /* Resources */ = {
			isa = PBXResourcesBuildPhase;
			buildActionMask = 2147483647;
			files = (
			);
			runOnlyForDeploymentPostprocessing = 0;
		};
		FCAA83B92D23647E00739DC2 /* Resources */ = {
			isa = PBXResourcesBuildPhase;
			buildActionMask = 2147483647;
			files = (
			);
			runOnlyForDeploymentPostprocessing = 0;
		};
		FCAA83CA2D23648100739DC2 /* Resources */ = {
			isa = PBXResourcesBuildPhase;
			buildActionMask = 2147483647;
			files = (
			);
			runOnlyForDeploymentPostprocessing = 0;
		};
		FCAA83D42D23648100739DC2 /* Resources */ = {
			isa = PBXResourcesBuildPhase;
			buildActionMask = 2147483647;
			files = (
			);
			runOnlyForDeploymentPostprocessing = 0;
		};
/* End PBXResourcesBuildPhase section */

/* Begin PBXSourcesBuildPhase section */
		FC4999E62D29866B00C16784 /* Sources */ = {
			isa = PBXSourcesBuildPhase;
			buildActionMask = 2147483647;
			files = (
			);
			runOnlyForDeploymentPostprocessing = 0;
		};
		FCAA83B72D23647E00739DC2 /* Sources */ = {
			isa = PBXSourcesBuildPhase;
			buildActionMask = 2147483647;
			files = (
			);
			runOnlyForDeploymentPostprocessing = 0;
		};
		FCAA83C82D23648100739DC2 /* Sources */ = {
			isa = PBXSourcesBuildPhase;
			buildActionMask = 2147483647;
			files = (
			);
			runOnlyForDeploymentPostprocessing = 0;
		};
		FCAA83D22D23648100739DC2 /* Sources */ = {
			isa = PBXSourcesBuildPhase;
			buildActionMask = 2147483647;
			files = (
			);
			runOnlyForDeploymentPostprocessing = 0;
		};
/* End PBXSourcesBuildPhase section */

/* Begin PBXTargetDependency section */
		FC4999F62D29866D00C16784 /* PBXTargetDependency */ = {
			isa = PBXTargetDependency;
			target = FC4999E92D29866B00C16784 /* ellipticaBikeWatchOS Watch App */;
			targetProxy = FC4999F52D29866D00C16784 /* PBXContainerItemProxy */;
		};
		FCAA83CE2D23648100739DC2 /* PBXTargetDependency */ = {
			isa = PBXTargetDependency;
			target = FCAA83BA2D23647E00739DC2 /* ellipticalBike */;
			targetProxy = FCAA83CD2D23648100739DC2 /* PBXContainerItemProxy */;
		};
		FCAA83D82D23648100739DC2 /* PBXTargetDependency */ = {
			isa = PBXTargetDependency;
			target = FCAA83BA2D23647E00739DC2 /* ellipticalBike */;
			targetProxy = FCAA83D72D23648100739DC2 /* PBXContainerItemProxy */;
		};
/* End PBXTargetDependency section */

/* Begin XCBuildConfiguration section */
		FC4999F92D29866D00C16784 /* Debug */ = {
			isa = XCBuildConfiguration;
			buildSettings = {
				ASSETCATALOG_COMPILER_APPICON_NAME = AppIcon;
				ASSETCATALOG_COMPILER_GLOBAL_ACCENT_COLOR_NAME = AccentColor;
				ASSETCATALOG_COMPILER_INCLUDE_ALL_APPICON_ASSETS = NO;
				CODE_SIGN_ENTITLEMENTS = "ellipticaBikeWatchOS Watch App/ellipticaBikeWatchOS Watch App.entitlements";
				CODE_SIGN_STYLE = Automatic;
				CURRENT_PROJECT_VERSION = 1;
				DEVELOPMENT_ASSET_PATHS = "\"ellipticaBikeWatchOS Watch App/Preview Content\"";
				DEVELOPMENT_TEAM = 7GYCNCZDB3;
				ENABLE_PREVIEWS = YES;
				GENERATE_INFOPLIST_FILE = YES;
				INFOPLIST_KEY_CFBundleDisplayName = Pulsometer;
				INFOPLIST_KEY_NSHealthShareUsageDescription = "Access Heart Rate";
				INFOPLIST_KEY_NSHealthUpdateUsageDescription = "Access Heart Rate Updates";
				INFOPLIST_KEY_UISupportedInterfaceOrientations = "UIInterfaceOrientationPortrait UIInterfaceOrientationPortraitUpsideDown";
				INFOPLIST_KEY_WKCompanionAppBundleIdentifier = com.hewittdylan.ellipticalBike;
				INFOPLIST_KEY_WKRunsIndependentlyOfCompanionApp = NO;
				LD_RUNPATH_SEARCH_PATHS = (
					"$(inherited)",
					"@executable_path/Frameworks",
				);
				MARKETING_VERSION = 1.0;
				PRODUCT_BUNDLE_IDENTIFIER = com.hewittdylan.ellipticalBike.watchkitapp;
				PRODUCT_NAME = "$(TARGET_NAME)";
				SDKROOT = watchos;
				SKIP_INSTALL = YES;
				SWIFT_EMIT_LOC_STRINGS = YES;
				SWIFT_VERSION = 5.0;
				TARGETED_DEVICE_FAMILY = 4;
				WATCHOS_DEPLOYMENT_TARGET = 11.2;
			};
			name = Debug;
		};
		FC4999FA2D29866D00C16784 /* Release */ = {
			isa = XCBuildConfiguration;
			buildSettings = {
				ASSETCATALOG_COMPILER_APPICON_NAME = AppIcon;
				ASSETCATALOG_COMPILER_GLOBAL_ACCENT_COLOR_NAME = AccentColor;
				ASSETCATALOG_COMPILER_INCLUDE_ALL_APPICON_ASSETS = NO;
				CODE_SIGN_ENTITLEMENTS = "ellipticaBikeWatchOS Watch App/ellipticaBikeWatchOS Watch App.entitlements";
				CODE_SIGN_STYLE = Automatic;
				CURRENT_PROJECT_VERSION = 1;
				DEVELOPMENT_ASSET_PATHS = "\"ellipticaBikeWatchOS Watch App/Preview Content\"";
				DEVELOPMENT_TEAM = 7GYCNCZDB3;
				ENABLE_PREVIEWS = YES;
				GENERATE_INFOPLIST_FILE = YES;
				INFOPLIST_KEY_CFBundleDisplayName = Pulsometer;
				INFOPLIST_KEY_NSHealthShareUsageDescription = "Access Heart Rate";
				INFOPLIST_KEY_NSHealthUpdateUsageDescription = "Access Heart Rate Updates";
				INFOPLIST_KEY_UISupportedInterfaceOrientations = "UIInterfaceOrientationPortrait UIInterfaceOrientationPortraitUpsideDown";
				INFOPLIST_KEY_WKCompanionAppBundleIdentifier = com.hewittdylan.ellipticalBike;
				INFOPLIST_KEY_WKRunsIndependentlyOfCompanionApp = NO;
				LD_RUNPATH_SEARCH_PATHS = (
					"$(inherited)",
					"@executable_path/Frameworks",
				);
				MARKETING_VERSION = 1.0;
				PRODUCT_BUNDLE_IDENTIFIER = com.hewittdylan.ellipticalBike.watchkitapp;
				PRODUCT_NAME = "$(TARGET_NAME)";
				SDKROOT = watchos;
				SKIP_INSTALL = YES;
				SWIFT_EMIT_LOC_STRINGS = YES;
				SWIFT_VERSION = 5.0;
				TARGETED_DEVICE_FAMILY = 4;
				VALIDATE_PRODUCT = YES;
				WATCHOS_DEPLOYMENT_TARGET = 11.2;
			};
			name = Release;
		};
		FCAA83DE2D23648100739DC2 /* Debug */ = {
			isa = XCBuildConfiguration;
			buildSettings = {
				ALWAYS_SEARCH_USER_PATHS = NO;
				ASSETCATALOG_COMPILER_GENERATE_SWIFT_ASSET_SYMBOL_EXTENSIONS = YES;
				CLANG_ANALYZER_NONNULL = YES;
				CLANG_ANALYZER_NUMBER_OBJECT_CONVERSION = YES_AGGRESSIVE;
				CLANG_CXX_LANGUAGE_STANDARD = "gnu++20";
				CLANG_ENABLE_MODULES = YES;
				CLANG_ENABLE_OBJC_ARC = YES;
				CLANG_ENABLE_OBJC_WEAK = YES;
				CLANG_WARN_BLOCK_CAPTURE_AUTORELEASING = YES;
				CLANG_WARN_BOOL_CONVERSION = YES;
				CLANG_WARN_COMMA = YES;
				CLANG_WARN_CONSTANT_CONVERSION = YES;
				CLANG_WARN_DEPRECATED_OBJC_IMPLEMENTATIONS = YES;
				CLANG_WARN_DIRECT_OBJC_ISA_USAGE = YES_ERROR;
				CLANG_WARN_DOCUMENTATION_COMMENTS = YES;
				CLANG_WARN_EMPTY_BODY = YES;
				CLANG_WARN_ENUM_CONVERSION = YES;
				CLANG_WARN_INFINITE_RECURSION = YES;
				CLANG_WARN_INT_CONVERSION = YES;
				CLANG_WARN_NON_LITERAL_NULL_CONVERSION = YES;
				CLANG_WARN_OBJC_IMPLICIT_RETAIN_SELF = YES;
				CLANG_WARN_OBJC_LITERAL_CONVERSION = YES;
				CLANG_WARN_OBJC_ROOT_CLASS = YES_ERROR;
				CLANG_WARN_QUOTED_INCLUDE_IN_FRAMEWORK_HEADER = YES;
				CLANG_WARN_RANGE_LOOP_ANALYSIS = YES;
				CLANG_WARN_STRICT_PROTOTYPES = YES;
				CLANG_WARN_SUSPICIOUS_MOVE = YES;
				CLANG_WARN_UNGUARDED_AVAILABILITY = YES_AGGRESSIVE;
				CLANG_WARN_UNREACHABLE_CODE = YES;
				CLANG_WARN__DUPLICATE_METHOD_MATCH = YES;
				COPY_PHASE_STRIP = NO;
				DEBUG_INFORMATION_FORMAT = dwarf;
				ENABLE_STRICT_OBJC_MSGSEND = YES;
				ENABLE_TESTABILITY = YES;
				ENABLE_USER_SCRIPT_SANDBOXING = YES;
				GCC_C_LANGUAGE_STANDARD = gnu17;
				GCC_DYNAMIC_NO_PIC = NO;
				GCC_NO_COMMON_BLOCKS = YES;
				GCC_OPTIMIZATION_LEVEL = 0;
				GCC_PREPROCESSOR_DEFINITIONS = (
					"DEBUG=1",
					"$(inherited)",
				);
				GCC_WARN_64_TO_32_BIT_CONVERSION = YES;
				GCC_WARN_ABOUT_RETURN_TYPE = YES_ERROR;
				GCC_WARN_UNDECLARED_SELECTOR = YES;
				GCC_WARN_UNINITIALIZED_AUTOS = YES_AGGRESSIVE;
				GCC_WARN_UNUSED_FUNCTION = YES;
				GCC_WARN_UNUSED_VARIABLE = YES;
				LOCALIZATION_PREFERS_STRING_CATALOGS = YES;
				MACOSX_DEPLOYMENT_TARGET = 15.0;
				MTL_ENABLE_DEBUG_INFO = INCLUDE_SOURCE;
				MTL_FAST_MATH = YES;
				ONLY_ACTIVE_ARCH = YES;
				SDKROOT = iphoneos;
				SWIFT_ACTIVE_COMPILATION_CONDITIONS = "DEBUG $(inherited)";
				SWIFT_OPTIMIZATION_LEVEL = "-Onone";
			};
			name = Debug;
		};
		FCAA83DF2D23648100739DC2 /* Release */ = {
			isa = XCBuildConfiguration;
			buildSettings = {
				ALWAYS_SEARCH_USER_PATHS = NO;
				ASSETCATALOG_COMPILER_GENERATE_SWIFT_ASSET_SYMBOL_EXTENSIONS = YES;
				CLANG_ANALYZER_NONNULL = YES;
				CLANG_ANALYZER_NUMBER_OBJECT_CONVERSION = YES_AGGRESSIVE;
				CLANG_CXX_LANGUAGE_STANDARD = "gnu++20";
				CLANG_ENABLE_MODULES = YES;
				CLANG_ENABLE_OBJC_ARC = YES;
				CLANG_ENABLE_OBJC_WEAK = YES;
				CLANG_WARN_BLOCK_CAPTURE_AUTORELEASING = YES;
				CLANG_WARN_BOOL_CONVERSION = YES;
				CLANG_WARN_COMMA = YES;
				CLANG_WARN_CONSTANT_CONVERSION = YES;
				CLANG_WARN_DEPRECATED_OBJC_IMPLEMENTATIONS = YES;
				CLANG_WARN_DIRECT_OBJC_ISA_USAGE = YES_ERROR;
				CLANG_WARN_DOCUMENTATION_COMMENTS = YES;
				CLANG_WARN_EMPTY_BODY = YES;
				CLANG_WARN_ENUM_CONVERSION = YES;
				CLANG_WARN_INFINITE_RECURSION = YES;
				CLANG_WARN_INT_CONVERSION = YES;
				CLANG_WARN_NON_LITERAL_NULL_CONVERSION = YES;
				CLANG_WARN_OBJC_IMPLICIT_RETAIN_SELF = YES;
				CLANG_WARN_OBJC_LITERAL_CONVERSION = YES;
				CLANG_WARN_OBJC_ROOT_CLASS = YES_ERROR;
				CLANG_WARN_QUOTED_INCLUDE_IN_FRAMEWORK_HEADER = YES;
				CLANG_WARN_RANGE_LOOP_ANALYSIS = YES;
				CLANG_WARN_STRICT_PROTOTYPES = YES;
				CLANG_WARN_SUSPICIOUS_MOVE = YES;
				CLANG_WARN_UNGUARDED_AVAILABILITY = YES_AGGRESSIVE;
				CLANG_WARN_UNREACHABLE_CODE = YES;
				CLANG_WARN__DUPLICATE_METHOD_MATCH = YES;
				COPY_PHASE_STRIP = NO;
				DEBUG_INFORMATION_FORMAT = "dwarf-with-dsym";
				ENABLE_NS_ASSERTIONS = NO;
				ENABLE_STRICT_OBJC_MSGSEND = YES;
				ENABLE_USER_SCRIPT_SANDBOXING = YES;
				GCC_C_LANGUAGE_STANDARD = gnu17;
				GCC_NO_COMMON_BLOCKS = YES;
				GCC_WARN_64_TO_32_BIT_CONVERSION = YES;
				GCC_WARN_ABOUT_RETURN_TYPE = YES_ERROR;
				GCC_WARN_UNDECLARED_SELECTOR = YES;
				GCC_WARN_UNINITIALIZED_AUTOS = YES_AGGRESSIVE;
				GCC_WARN_UNUSED_FUNCTION = YES;
				GCC_WARN_UNUSED_VARIABLE = YES;
				LOCALIZATION_PREFERS_STRING_CATALOGS = YES;
				MACOSX_DEPLOYMENT_TARGET = 15.0;
				MTL_ENABLE_DEBUG_INFO = NO;
				MTL_FAST_MATH = YES;
				SDKROOT = iphoneos;
				SWIFT_COMPILATION_MODE = wholemodule;
			};
			name = Release;
		};
		FCAA83E12D23648100739DC2 /* Debug */ = {
			isa = XCBuildConfiguration;
			buildSettings = {
				ASSETCATALOG_COMPILER_APPICON_NAME = AppIcon;
				ASSETCATALOG_COMPILER_GLOBAL_ACCENT_COLOR_NAME = AccentColor;
				CODE_SIGN_ENTITLEMENTS = ellipticalBike/ellipticalBike.entitlements;
				CODE_SIGN_STYLE = Automatic;
				COMBINE_HIDPI_IMAGES = YES;
				CURRENT_PROJECT_VERSION = 1;
				DEVELOPMENT_ASSET_PATHS = "";
				DEVELOPMENT_TEAM = 7GYCNCZDB3;
				ENABLE_HARDENED_RUNTIME = YES;
				ENABLE_PREVIEWS = YES;
				GENERATE_INFOPLIST_FILE = YES;
				INFOPLIST_KEY_CFBundleDisplayName = "Elliptical Bike";
				INFOPLIST_KEY_LSApplicationCategoryType = "public.app-category.sports";
				INFOPLIST_KEY_NSBluetoothAlwaysUsageDescription = "Connect to your bike";
				INFOPLIST_KEY_NSBluetoothPeripheralUsageDescription = "Connect to your bike";
				INFOPLIST_KEY_NSHealthShareUsageDescription = "Read Heart Rate from Health App";
				INFOPLIST_KEY_NSHealthUpdateUsageDescription = "Register Heart Rate from Health App";
				INFOPLIST_KEY_NSHumanReadableCopyright = "";
				INFOPLIST_KEY_UILaunchStoryboardName = LaunchScreen;
				INFOPLIST_KEY_UISupportedInterfaceOrientations = UIInterfaceOrientationPortrait;
				LD_RUNPATH_SEARCH_PATHS = (
					"$(inherited)",
					"@executable_path/../Frameworks",
				);
				MARKETING_VERSION = 1.0;
				PRODUCT_BUNDLE_IDENTIFIER = com.hewittdylan.ellipticalBike;
				PRODUCT_NAME = "$(TARGET_NAME)";
				SUPPORTED_PLATFORMS = "iphoneos iphonesimulator";
				SUPPORTS_MACCATALYST = NO;
				SUPPORTS_MAC_DESIGNED_FOR_IPHONE_IPAD = NO;
				SUPPORTS_XR_DESIGNED_FOR_IPHONE_IPAD = NO;
				SWIFT_EMIT_LOC_STRINGS = YES;
				SWIFT_VERSION = 5.0;
				TARGETED_DEVICE_FAMILY = 1;
			};
			name = Debug;
		};
		FCAA83E22D23648100739DC2 /* Release */ = {
			isa = XCBuildConfiguration;
			buildSettings = {
				ASSETCATALOG_COMPILER_APPICON_NAME = AppIcon;
				ASSETCATALOG_COMPILER_GLOBAL_ACCENT_COLOR_NAME = AccentColor;
				CODE_SIGN_ENTITLEMENTS = ellipticalBike/ellipticalBike.entitlements;
				CODE_SIGN_STYLE = Automatic;
				COMBINE_HIDPI_IMAGES = YES;
				CURRENT_PROJECT_VERSION = 1;
				DEVELOPMENT_ASSET_PATHS = "";
				DEVELOPMENT_TEAM = 7GYCNCZDB3;
				ENABLE_HARDENED_RUNTIME = YES;
				ENABLE_PREVIEWS = YES;
				GENERATE_INFOPLIST_FILE = YES;
				INFOPLIST_KEY_CFBundleDisplayName = "Elliptical Bike";
				INFOPLIST_KEY_LSApplicationCategoryType = "public.app-category.sports";
				INFOPLIST_KEY_NSBluetoothAlwaysUsageDescription = "Connect to your bike";
				INFOPLIST_KEY_NSBluetoothPeripheralUsageDescription = "Connect to your bike";
				INFOPLIST_KEY_NSHealthShareUsageDescription = "Read Heart Rate from Health App";
				INFOPLIST_KEY_NSHealthUpdateUsageDescription = "Register Heart Rate from Health App";
				INFOPLIST_KEY_NSHumanReadableCopyright = "";
				INFOPLIST_KEY_UILaunchStoryboardName = LaunchScreen;
				INFOPLIST_KEY_UISupportedInterfaceOrientations = UIInterfaceOrientationPortrait;
				LD_RUNPATH_SEARCH_PATHS = (
					"$(inherited)",
					"@executable_path/../Frameworks",
				);
				MARKETING_VERSION = 1.0;
				PRODUCT_BUNDLE_IDENTIFIER = com.hewittdylan.ellipticalBike;
				PRODUCT_NAME = "$(TARGET_NAME)";
				SUPPORTED_PLATFORMS = "iphoneos iphonesimulator";
				SUPPORTS_MACCATALYST = NO;
				SUPPORTS_MAC_DESIGNED_FOR_IPHONE_IPAD = NO;
				SUPPORTS_XR_DESIGNED_FOR_IPHONE_IPAD = NO;
				SWIFT_EMIT_LOC_STRINGS = YES;
				SWIFT_VERSION = 5.0;
				TARGETED_DEVICE_FAMILY = 1;
			};
			name = Release;
		};
		FCAA83E42D23648100739DC2 /* Debug */ = {
			isa = XCBuildConfiguration;
			buildSettings = {
				BUNDLE_LOADER = "$(TEST_HOST)";
				CODE_SIGN_STYLE = Automatic;
				CURRENT_PROJECT_VERSION = 1;
				DEVELOPMENT_TEAM = 7GYCNCZDB3;
				GENERATE_INFOPLIST_FILE = YES;
				MACOSX_DEPLOYMENT_TARGET = 15.0;
				MARKETING_VERSION = 1.0;
				PRODUCT_BUNDLE_IDENTIFIER = com.hewittdylan.ellipticalBikeTests;
				PRODUCT_NAME = "$(TARGET_NAME)";
				SWIFT_EMIT_LOC_STRINGS = NO;
				SWIFT_VERSION = 5.0;
				TEST_HOST = "$(BUILT_PRODUCTS_DIR)/ellipticalBike.app/$(BUNDLE_EXECUTABLE_FOLDER_PATH)/ellipticalBike";
			};
			name = Debug;
		};
		FCAA83E52D23648100739DC2 /* Release */ = {
			isa = XCBuildConfiguration;
			buildSettings = {
				BUNDLE_LOADER = "$(TEST_HOST)";
				CODE_SIGN_STYLE = Automatic;
				CURRENT_PROJECT_VERSION = 1;
				DEVELOPMENT_TEAM = 7GYCNCZDB3;
				GENERATE_INFOPLIST_FILE = YES;
				MACOSX_DEPLOYMENT_TARGET = 15.0;
				MARKETING_VERSION = 1.0;
				PRODUCT_BUNDLE_IDENTIFIER = com.hewittdylan.ellipticalBikeTests;
				PRODUCT_NAME = "$(TARGET_NAME)";
				SWIFT_EMIT_LOC_STRINGS = NO;
				SWIFT_VERSION = 5.0;
				TEST_HOST = "$(BUILT_PRODUCTS_DIR)/ellipticalBike.app/$(BUNDLE_EXECUTABLE_FOLDER_PATH)/ellipticalBike";
			};
			name = Release;
		};
		FCAA83E72D23648100739DC2 /* Debug */ = {
			isa = XCBuildConfiguration;
			buildSettings = {
				CODE_SIGN_STYLE = Automatic;
				CURRENT_PROJECT_VERSION = 1;
				DEVELOPMENT_TEAM = 7GYCNCZDB3;
				GENERATE_INFOPLIST_FILE = YES;
				MARKETING_VERSION = 1.0;
				PRODUCT_BUNDLE_IDENTIFIER = com.hewittdylan.ellipticalBikeUITests;
				PRODUCT_NAME = "$(TARGET_NAME)";
				SWIFT_EMIT_LOC_STRINGS = NO;
				SWIFT_VERSION = 5.0;
				TEST_TARGET_NAME = ellipticalBike;
			};
			name = Debug;
		};
		FCAA83E82D23648100739DC2 /* Release */ = {
			isa = XCBuildConfiguration;
			buildSettings = {
				CODE_SIGN_STYLE = Automatic;
				CURRENT_PROJECT_VERSION = 1;
				DEVELOPMENT_TEAM = 7GYCNCZDB3;
				GENERATE_INFOPLIST_FILE = YES;
				MARKETING_VERSION = 1.0;
				PRODUCT_BUNDLE_IDENTIFIER = com.hewittdylan.ellipticalBikeUITests;
				PRODUCT_NAME = "$(TARGET_NAME)";
				SWIFT_EMIT_LOC_STRINGS = NO;
				SWIFT_VERSION = 5.0;
				TEST_TARGET_NAME = ellipticalBike;
			};
			name = Release;
		};
/* End XCBuildConfiguration section */

/* Begin XCConfigurationList section */
		FC4999F82D29866D00C16784 /* Build configuration list for PBXNativeTarget "ellipticaBikeWatchOS Watch App" */ = {
			isa = XCConfigurationList;
			buildConfigurations = (
				FC4999F92D29866D00C16784 /* Debug */,
				FC4999FA2D29866D00C16784 /* Release */,
			);
			defaultConfigurationIsVisible = 0;
			defaultConfigurationName = Release;
		};
		FCAA83B62D23647E00739DC2 /* Build configuration list for PBXProject "ellipticalBike" */ = {
			isa = XCConfigurationList;
			buildConfigurations = (
				FCAA83DE2D23648100739DC2 /* Debug */,
				FCAA83DF2D23648100739DC2 /* Release */,
			);
			defaultConfigurationIsVisible = 0;
			defaultConfigurationName = Release;
		};
		FCAA83E02D23648100739DC2 /* Build configuration list for PBXNativeTarget "ellipticalBike" */ = {
			isa = XCConfigurationList;
			buildConfigurations = (
				FCAA83E12D23648100739DC2 /* Debug */,
				FCAA83E22D23648100739DC2 /* Release */,
			);
			defaultConfigurationIsVisible = 0;
			defaultConfigurationName = Release;
		};
		FCAA83E32D23648100739DC2 /* Build configuration list for PBXNativeTarget "ellipticalBikeTests" */ = {
			isa = XCConfigurationList;
			buildConfigurations = (
				FCAA83E42D23648100739DC2 /* Debug */,
				FCAA83E52D23648100739DC2 /* Release */,
			);
			defaultConfigurationIsVisible = 0;
			defaultConfigurationName = Release;
		};
		FCAA83E62D23648100739DC2 /* Build configuration list for PBXNativeTarget "ellipticalBikeUITests" */ = {
			isa = XCConfigurationList;
			buildConfigurations = (
				FCAA83E72D23648100739DC2 /* Debug */,
				FCAA83E82D23648100739DC2 /* Release */,
			);
			defaultConfigurationIsVisible = 0;
			defaultConfigurationName = Release;
		};
/* End XCConfigurationList section */
	};
	rootObject = FCAA83B32D23647E00739DC2 /* Project object */;
}
